// !$*UTF8*$!
{
	archiveVersion = 1;
	classes = {
	};
	objectVersion = 46;
	objects = {

/* Begin PBXBuildFile section */
		0A956EC81DD5118700AABF64 /* AppDelegate.swift in Sources */ = {isa = PBXBuildFile; fileRef = 0A956EC71DD5118700AABF64 /* AppDelegate.swift */; };
		0A956ECD1DD5118700AABF64 /* Main.storyboard in Resources */ = {isa = PBXBuildFile; fileRef = 0A956ECB1DD5118700AABF64 /* Main.storyboard */; };
		0A956ECF1DD5118700AABF64 /* Assets.xcassets in Resources */ = {isa = PBXBuildFile; fileRef = 0A956ECE1DD5118700AABF64 /* Assets.xcassets */; };
		0A956ED21DD5118700AABF64 /* LaunchScreen.storyboard in Resources */ = {isa = PBXBuildFile; fileRef = 0A956ED01DD5118700AABF64 /* LaunchScreen.storyboard */; };
		0A956EDD1DD5118700AABF64 /* GothamTests.swift in Sources */ = {isa = PBXBuildFile; fileRef = 0A956EDC1DD5118700AABF64 /* GothamTests.swift */; };
		0A956F3C1DDA3BD600AABF64 /* ViewController.swift in Sources */ = {isa = PBXBuildFile; fileRef = 0A956F3B1DDA3BD600AABF64 /* ViewController.swift */; };
		0AB81F2F1DDD32A60041D6DB /* Arkham.h in Headers */ = {isa = PBXBuildFile; fileRef = 0AB81F2D1DDD32A60041D6DB /* Arkham.h */; settings = {ATTRIBUTES = (Public, ); }; };
		0AB81F321DDD32A60041D6DB /* Arkham.framework in Frameworks */ = {isa = PBXBuildFile; fileRef = 0AB81F2B1DDD32A60041D6DB /* Arkham.framework */; };
		0AB81F331DDD32A60041D6DB /* Arkham.framework in Embed Frameworks */ = {isa = PBXBuildFile; fileRef = 0AB81F2B1DDD32A60041D6DB /* Arkham.framework */; settings = {ATTRIBUTES = (CodeSignOnCopy, RemoveHeadersOnCopy, ); }; };
		0AB81F781DDD338D0041D6DB /* SignInResource.swift in Sources */ = {isa = PBXBuildFile; fileRef = 0AB81F771DDD338D0041D6DB /* SignInResource.swift */; };
		0AB81F901DDD339C0041D6DB /* BackendConfiguration.swift in Sources */ = {isa = PBXBuildFile; fileRef = 0AB81F7A1DDD339C0041D6DB /* BackendConfiguration.swift */; };
		0AB81F911DDD339C0041D6DB /* NetworkRequestable.swift in Sources */ = {isa = PBXBuildFile; fileRef = 0AB81F7B1DDD339C0041D6DB /* NetworkRequestable.swift */; };
		0AB81F921DDD339C0041D6DB /* NetworkService.swift in Sources */ = {isa = PBXBuildFile; fileRef = 0AB81F7C1DDD339C0041D6DB /* NetworkService.swift */; };
		0AB81F931DDD339C0041D6DB /* BackgroundObserver.swift in Sources */ = {isa = PBXBuildFile; fileRef = 0AB81F7E1DDD339C0041D6DB /* BackgroundObserver.swift */; };
		0AB81F941DDD339C0041D6DB /* NetworkObserver.swift in Sources */ = {isa = PBXBuildFile; fileRef = 0AB81F7F1DDD339C0041D6DB /* NetworkObserver.swift */; };
		0AB81F951DDD339C0041D6DB /* OperationObserver.swift in Sources */ = {isa = PBXBuildFile; fileRef = 0AB81F801DDD339C0041D6DB /* OperationObserver.swift */; };
		0AB81F961DDD339C0041D6DB /* TimeoutObserver.swift in Sources */ = {isa = PBXBuildFile; fileRef = 0AB81F811DDD339C0041D6DB /* TimeoutObserver.swift */; };
		0AB81F971DDD339C0041D6DB /* ImageResource.swift in Sources */ = {isa = PBXBuildFile; fileRef = 0AB81F831DDD339C0041D6DB /* ImageResource.swift */; };
		0AB81F981DDD339C0041D6DB /* JSONResource.swift in Sources */ = {isa = PBXBuildFile; fileRef = 0AB81F841DDD339C0041D6DB /* JSONResource.swift */; };
		0AB81F991DDD339C0041D6DB /* Resource.swift in Sources */ = {isa = PBXBuildFile; fileRef = 0AB81F851DDD339C0041D6DB /* Resource.swift */; };
		0AB81F9A1DDD339C0041D6DB /* Result.swift in Sources */ = {isa = PBXBuildFile; fileRef = 0AB81F861DDD339C0041D6DB /* Result.swift */; };
		0AB81F9B1DDD339C0041D6DB /* BaseOperation.swift in Sources */ = {isa = PBXBuildFile; fileRef = 0AB81F891DDD339C0041D6DB /* BaseOperation.swift */; };
		0AB81F9C1DDD339C0041D6DB /* ServiceOperation.swift in Sources */ = {isa = PBXBuildFile; fileRef = 0AB81F8A1DDD339C0041D6DB /* ServiceOperation.swift */; };
		0AB81F9D1DDD339C0041D6DB /* ResourceFetchable.swift in Sources */ = {isa = PBXBuildFile; fileRef = 0AB81F8C1DDD339C0041D6DB /* ResourceFetchable.swift */; };
		0AB81F9E1DDD339C0041D6DB /* ResourceService.swift in Sources */ = {isa = PBXBuildFile; fileRef = 0AB81F8D1DDD339C0041D6DB /* ResourceService.swift */; };
		0AB81F9F1DDD339C0041D6DB /* BackendJSONService.swift in Sources */ = {isa = PBXBuildFile; fileRef = 0AB81F8F1DDD339C0041D6DB /* BackendJSONService.swift */; };
/* End PBXBuildFile section */

/* Begin PBXContainerItemProxy section */
		0A956ED91DD5118700AABF64 /* PBXContainerItemProxy */ = {
			isa = PBXContainerItemProxy;
			containerPortal = 0A956EBC1DD5118700AABF64 /* Project object */;
			proxyType = 1;
			remoteGlobalIDString = 0A956EC31DD5118700AABF64;
			remoteInfo = Gotham;
		};
		0AB81F301DDD32A60041D6DB /* PBXContainerItemProxy */ = {
			isa = PBXContainerItemProxy;
			containerPortal = 0A956EBC1DD5118700AABF64 /* Project object */;
			proxyType = 1;
			remoteGlobalIDString = 0AB81F2A1DDD32A60041D6DB;
			remoteInfo = Arkham;
		};
/* End PBXContainerItemProxy section */

/* Begin PBXCopyFilesBuildPhase section */
		0AB81F371DDD32A60041D6DB /* Embed Frameworks */ = {
			isa = PBXCopyFilesBuildPhase;
			buildActionMask = 2147483647;
			dstPath = "";
			dstSubfolderSpec = 10;
			files = (
				0AB81F331DDD32A60041D6DB /* Arkham.framework in Embed Frameworks */,
			);
			name = "Embed Frameworks";
			runOnlyForDeploymentPostprocessing = 0;
		};
/* End PBXCopyFilesBuildPhase section */

/* Begin PBXFileReference section */
		0A956EC41DD5118700AABF64 /* Gotham.app */ = {isa = PBXFileReference; explicitFileType = wrapper.application; includeInIndex = 0; path = Gotham.app; sourceTree = BUILT_PRODUCTS_DIR; };
		0A956EC71DD5118700AABF64 /* AppDelegate.swift */ = {isa = PBXFileReference; lastKnownFileType = sourcecode.swift; path = AppDelegate.swift; sourceTree = "<group>"; };
		0A956ECC1DD5118700AABF64 /* Base */ = {isa = PBXFileReference; lastKnownFileType = file.storyboard; name = Base; path = Base.lproj/Main.storyboard; sourceTree = "<group>"; };
		0A956ECE1DD5118700AABF64 /* Assets.xcassets */ = {isa = PBXFileReference; lastKnownFileType = folder.assetcatalog; path = Assets.xcassets; sourceTree = "<group>"; };
		0A956ED11DD5118700AABF64 /* Base */ = {isa = PBXFileReference; lastKnownFileType = file.storyboard; name = Base; path = Base.lproj/LaunchScreen.storyboard; sourceTree = "<group>"; };
		0A956ED31DD5118700AABF64 /* Info.plist */ = {isa = PBXFileReference; lastKnownFileType = text.plist.xml; path = Info.plist; sourceTree = "<group>"; };
		0A956ED81DD5118700AABF64 /* GothamTests.xctest */ = {isa = PBXFileReference; explicitFileType = wrapper.cfbundle; includeInIndex = 0; path = GothamTests.xctest; sourceTree = BUILT_PRODUCTS_DIR; };
		0A956EDC1DD5118700AABF64 /* GothamTests.swift */ = {isa = PBXFileReference; lastKnownFileType = sourcecode.swift; path = GothamTests.swift; sourceTree = "<group>"; };
		0A956EDE1DD5118700AABF64 /* Info.plist */ = {isa = PBXFileReference; lastKnownFileType = text.plist.xml; path = Info.plist; sourceTree = "<group>"; };
		0A956F3B1DDA3BD600AABF64 /* ViewController.swift */ = {isa = PBXFileReference; fileEncoding = 4; lastKnownFileType = sourcecode.swift; path = ViewController.swift; sourceTree = "<group>"; };
		0A956F411DDB8DE400AABF64 /* TestPlayGround.playground */ = {isa = PBXFileReference; lastKnownFileType = file.playground; path = TestPlayGround.playground; sourceTree = "<group>"; };
		0AB81F2B1DDD32A60041D6DB /* Arkham.framework */ = {isa = PBXFileReference; explicitFileType = wrapper.framework; includeInIndex = 0; path = Arkham.framework; sourceTree = BUILT_PRODUCTS_DIR; };
		0AB81F2D1DDD32A60041D6DB /* Arkham.h */ = {isa = PBXFileReference; lastKnownFileType = sourcecode.c.h; path = Arkham.h; sourceTree = "<group>"; };
		0AB81F2E1DDD32A60041D6DB /* Info.plist */ = {isa = PBXFileReference; lastKnownFileType = text.plist.xml; path = Info.plist; sourceTree = "<group>"; };
		0AB81F771DDD338D0041D6DB /* SignInResource.swift */ = {isa = PBXFileReference; fileEncoding = 4; lastKnownFileType = sourcecode.swift; path = SignInResource.swift; sourceTree = "<group>"; };
		0AB81F7A1DDD339C0041D6DB /* BackendConfiguration.swift */ = {isa = PBXFileReference; fileEncoding = 4; lastKnownFileType = sourcecode.swift; path = BackendConfiguration.swift; sourceTree = "<group>"; };
		0AB81F7B1DDD339C0041D6DB /* NetworkRequestable.swift */ = {isa = PBXFileReference; fileEncoding = 4; lastKnownFileType = sourcecode.swift; path = NetworkRequestable.swift; sourceTree = "<group>"; };
		0AB81F7C1DDD339C0041D6DB /* NetworkService.swift */ = {isa = PBXFileReference; fileEncoding = 4; lastKnownFileType = sourcecode.swift; path = NetworkService.swift; sourceTree = "<group>"; };
		0AB81F7E1DDD339C0041D6DB /* BackgroundObserver.swift */ = {isa = PBXFileReference; fileEncoding = 4; lastKnownFileType = sourcecode.swift; path = BackgroundObserver.swift; sourceTree = "<group>"; };
		0AB81F7F1DDD339C0041D6DB /* NetworkObserver.swift */ = {isa = PBXFileReference; fileEncoding = 4; lastKnownFileType = sourcecode.swift; path = NetworkObserver.swift; sourceTree = "<group>"; };
		0AB81F801DDD339C0041D6DB /* OperationObserver.swift */ = {isa = PBXFileReference; fileEncoding = 4; lastKnownFileType = sourcecode.swift; path = OperationObserver.swift; sourceTree = "<group>"; };
		0AB81F811DDD339C0041D6DB /* TimeoutObserver.swift */ = {isa = PBXFileReference; fileEncoding = 4; lastKnownFileType = sourcecode.swift; path = TimeoutObserver.swift; sourceTree = "<group>"; };
		0AB81F831DDD339C0041D6DB /* ImageResource.swift */ = {isa = PBXFileReference; fileEncoding = 4; lastKnownFileType = sourcecode.swift; path = ImageResource.swift; sourceTree = "<group>"; };
		0AB81F841DDD339C0041D6DB /* JSONResource.swift */ = {isa = PBXFileReference; fileEncoding = 4; lastKnownFileType = sourcecode.swift; path = JSONResource.swift; sourceTree = "<group>"; };
		0AB81F851DDD339C0041D6DB /* Resource.swift */ = {isa = PBXFileReference; fileEncoding = 4; lastKnownFileType = sourcecode.swift; path = Resource.swift; sourceTree = "<group>"; };
		0AB81F861DDD339C0041D6DB /* Result.swift */ = {isa = PBXFileReference; fileEncoding = 4; lastKnownFileType = sourcecode.swift; path = Result.swift; sourceTree = "<group>"; };
		0AB81F891DDD339C0041D6DB /* BaseOperation.swift */ = {isa = PBXFileReference; fileEncoding = 4; lastKnownFileType = sourcecode.swift; path = BaseOperation.swift; sourceTree = "<group>"; };
		0AB81F8A1DDD339C0041D6DB /* ServiceOperation.swift */ = {isa = PBXFileReference; fileEncoding = 4; lastKnownFileType = sourcecode.swift; path = ServiceOperation.swift; sourceTree = "<group>"; };
		0AB81F8C1DDD339C0041D6DB /* ResourceFetchable.swift */ = {isa = PBXFileReference; fileEncoding = 4; lastKnownFileType = sourcecode.swift; path = ResourceFetchable.swift; sourceTree = "<group>"; };
		0AB81F8D1DDD339C0041D6DB /* ResourceService.swift */ = {isa = PBXFileReference; fileEncoding = 4; lastKnownFileType = sourcecode.swift; path = ResourceService.swift; sourceTree = "<group>"; };
		0AB81F8F1DDD339C0041D6DB /* BackendJSONService.swift */ = {isa = PBXFileReference; fileEncoding = 4; lastKnownFileType = sourcecode.swift; path = BackendJSONService.swift; sourceTree = "<group>"; };
/* End PBXFileReference section */

/* Begin PBXFrameworksBuildPhase section */
		0A956EC11DD5118700AABF64 /* Frameworks */ = {
			isa = PBXFrameworksBuildPhase;
			buildActionMask = 2147483647;
			files = (
				0AB81F321DDD32A60041D6DB /* Arkham.framework in Frameworks */,
			);
			runOnlyForDeploymentPostprocessing = 0;
		};
		0A956ED51DD5118700AABF64 /* Frameworks */ = {
			isa = PBXFrameworksBuildPhase;
			buildActionMask = 2147483647;
			files = (
			);
			runOnlyForDeploymentPostprocessing = 0;
		};
		0AB81F271DDD32A60041D6DB /* Frameworks */ = {
			isa = PBXFrameworksBuildPhase;
			buildActionMask = 2147483647;
			files = (
			);
			runOnlyForDeploymentPostprocessing = 0;
		};
/* End PBXFrameworksBuildPhase section */

/* Begin PBXGroup section */
		0A956EBB1DD5118700AABF64 = {
			isa = PBXGroup;
			children = (
				0A956EC61DD5118700AABF64 /* Gotham */,
				0A956EDB1DD5118700AABF64 /* GothamTests */,
				0AB81F2C1DDD32A60041D6DB /* Arkham */,
				0A956EC51DD5118700AABF64 /* Products */,
			);
			sourceTree = "<group>";
		};
		0A956EC51DD5118700AABF64 /* Products */ = {
			isa = PBXGroup;
			children = (
				0A956EC41DD5118700AABF64 /* Gotham.app */,
				0A956ED81DD5118700AABF64 /* GothamTests.xctest */,
				0AB81F2B1DDD32A60041D6DB /* Arkham.framework */,
			);
			name = Products;
			sourceTree = "<group>";
		};
		0A956EC61DD5118700AABF64 /* Gotham */ = {
			isa = PBXGroup;
			children = (
				0A956EC71DD5118700AABF64 /* AppDelegate.swift */,
				0A956ECB1DD5118700AABF64 /* Main.storyboard */,
				0A956F3B1DDA3BD600AABF64 /* ViewController.swift */,
				0AB81F761DDD338D0041D6DB /* AppResources */,
				0A956ECE1DD5118700AABF64 /* Assets.xcassets */,
				0A956ED01DD5118700AABF64 /* LaunchScreen.storyboard */,
				0A956ED31DD5118700AABF64 /* Info.plist */,
				0A956F411DDB8DE400AABF64 /* TestPlayGround.playground */,
			);
			path = Gotham;
			sourceTree = "<group>";
		};
		0A956EDB1DD5118700AABF64 /* GothamTests */ = {
			isa = PBXGroup;
			children = (
				0A956EDC1DD5118700AABF64 /* GothamTests.swift */,
				0A956EDE1DD5118700AABF64 /* Info.plist */,
			);
			path = GothamTests;
			sourceTree = "<group>";
		};
		0AB81F2C1DDD32A60041D6DB /* Arkham */ = {
			isa = PBXGroup;
			children = (
				0AB81F791DDD339C0041D6DB /* NetworkLayer */,
				0AB81F7D1DDD339C0041D6DB /* OperationObservers */,
				0AB81F821DDD339C0041D6DB /* ResourceTypes */,
				0AB81F871DDD339C0041D6DB /* ServiceLayer */,
				0AB81F2D1DDD32A60041D6DB /* Arkham.h */,
				0AB81F2E1DDD32A60041D6DB /* Info.plist */,
			);
			path = Arkham;
			sourceTree = "<group>";
		};
		0AB81F761DDD338D0041D6DB /* AppResources */ = {
			isa = PBXGroup;
			children = (
				0AB81F771DDD338D0041D6DB /* SignInResource.swift */,
			);
			path = AppResources;
			sourceTree = "<group>";
		};
		0AB81F791DDD339C0041D6DB /* NetworkLayer */ = {
			isa = PBXGroup;
			children = (
				0AB81F7A1DDD339C0041D6DB /* BackendConfiguration.swift */,
				0AB81F7B1DDD339C0041D6DB /* NetworkRequestable.swift */,
				0AB81F7C1DDD339C0041D6DB /* NetworkService.swift */,
			);
			path = NetworkLayer;
			sourceTree = "<group>";
		};
		0AB81F7D1DDD339C0041D6DB /* OperationObservers */ = {
			isa = PBXGroup;
			children = (
				0AB81F7E1DDD339C0041D6DB /* BackgroundObserver.swift */,
				0AB81F7F1DDD339C0041D6DB /* NetworkObserver.swift */,
				0AB81F801DDD339C0041D6DB /* OperationObserver.swift */,
				0AB81F811DDD339C0041D6DB /* TimeoutObserver.swift */,
			);
			path = OperationObservers;
			sourceTree = "<group>";
		};
		0AB81F821DDD339C0041D6DB /* ResourceTypes */ = {
			isa = PBXGroup;
			children = (
				0AB81F831DDD339C0041D6DB /* ImageResource.swift */,
				0AB81F841DDD339C0041D6DB /* JSONResource.swift */,
				0AB81F851DDD339C0041D6DB /* Resource.swift */,
				0AB81F861DDD339C0041D6DB /* Result.swift */,
			);
			path = ResourceTypes;
			sourceTree = "<group>";
		};
		0AB81F871DDD339C0041D6DB /* ServiceLayer */ = {
			isa = PBXGroup;
			children = (
				0AB81F881DDD339C0041D6DB /* Operations */,
				0AB81F8B1DDD339C0041D6DB /* Protocols */,
				0AB81F8E1DDD339C0041D6DB /* Services */,
			);
			path = ServiceLayer;
			sourceTree = "<group>";
		};
		0AB81F881DDD339C0041D6DB /* Operations */ = {
			isa = PBXGroup;
			children = (
				0AB81F891DDD339C0041D6DB /* BaseOperation.swift */,
				0AB81F8A1DDD339C0041D6DB /* ServiceOperation.swift */,
			);
			path = Operations;
			sourceTree = "<group>";
		};
		0AB81F8B1DDD339C0041D6DB /* Protocols */ = {
			isa = PBXGroup;
			children = (
				0AB81F8C1DDD339C0041D6DB /* ResourceFetchable.swift */,
				0AB81F8D1DDD339C0041D6DB /* ResourceService.swift */,
			);
			path = Protocols;
			sourceTree = "<group>";
		};
		0AB81F8E1DDD339C0041D6DB /* Services */ = {
			isa = PBXGroup;
			children = (
				0AB81F8F1DDD339C0041D6DB /* BackendJSONService.swift */,
			);
			path = Services;
			sourceTree = "<group>";
		};
/* End PBXGroup section */

/* Begin PBXHeadersBuildPhase section */
		0AB81F281DDD32A60041D6DB /* Headers */ = {
			isa = PBXHeadersBuildPhase;
			buildActionMask = 2147483647;
			files = (
				0AB81F2F1DDD32A60041D6DB /* Arkham.h in Headers */,
			);
			runOnlyForDeploymentPostprocessing = 0;
		};
/* End PBXHeadersBuildPhase section */

/* Begin PBXNativeTarget section */
		0A956EC31DD5118700AABF64 /* Gotham */ = {
			isa = PBXNativeTarget;
			buildConfigurationList = 0A956EE11DD5118700AABF64 /* Build configuration list for PBXNativeTarget "Gotham" */;
			buildPhases = (
				0A956EC01DD5118700AABF64 /* Sources */,
				0A956EC11DD5118700AABF64 /* Frameworks */,
				0A956EC21DD5118700AABF64 /* Resources */,
				0AB81F371DDD32A60041D6DB /* Embed Frameworks */,
			);
			buildRules = (
			);
			dependencies = (
				0AB81F311DDD32A60041D6DB /* PBXTargetDependency */,
			);
			name = Gotham;
			productName = Gotham;
			productReference = 0A956EC41DD5118700AABF64 /* Gotham.app */;
			productType = "com.apple.product-type.application";
		};
		0A956ED71DD5118700AABF64 /* GothamTests */ = {
			isa = PBXNativeTarget;
			buildConfigurationList = 0A956EE41DD5118700AABF64 /* Build configuration list for PBXNativeTarget "GothamTests" */;
			buildPhases = (
				0A956ED41DD5118700AABF64 /* Sources */,
				0A956ED51DD5118700AABF64 /* Frameworks */,
				0A956ED61DD5118700AABF64 /* Resources */,
			);
			buildRules = (
			);
			dependencies = (
				0A956EDA1DD5118700AABF64 /* PBXTargetDependency */,
			);
			name = GothamTests;
			productName = GothamTests;
			productReference = 0A956ED81DD5118700AABF64 /* GothamTests.xctest */;
			productType = "com.apple.product-type.bundle.unit-test";
		};
		0AB81F2A1DDD32A60041D6DB /* Arkham */ = {
			isa = PBXNativeTarget;
			buildConfigurationList = 0AB81F361DDD32A60041D6DB /* Build configuration list for PBXNativeTarget "Arkham" */;
			buildPhases = (
				0AB81F261DDD32A60041D6DB /* Sources */,
				0AB81F271DDD32A60041D6DB /* Frameworks */,
				0AB81F281DDD32A60041D6DB /* Headers */,
				0AB81F291DDD32A60041D6DB /* Resources */,
			);
			buildRules = (
			);
			dependencies = (
			);
			name = Arkham;
			productName = Arkham;
			productReference = 0AB81F2B1DDD32A60041D6DB /* Arkham.framework */;
			productType = "com.apple.product-type.framework";
		};
/* End PBXNativeTarget section */

/* Begin PBXProject section */
		0A956EBC1DD5118700AABF64 /* Project object */ = {
			isa = PBXProject;
			attributes = {
				LastSwiftUpdateCheck = 0810;
				LastUpgradeCheck = 0810;
				ORGANIZATIONNAME = "Ramsundar Shandilya";
				TargetAttributes = {
					0A956EC31DD5118700AABF64 = {
						CreatedOnToolsVersion = 8.1;
						DevelopmentTeam = LQWC425Q2R;
						ProvisioningStyle = Automatic;
					};
					0A956ED71DD5118700AABF64 = {
						CreatedOnToolsVersion = 8.1;
						DevelopmentTeam = LQWC425Q2R;
						ProvisioningStyle = Automatic;
						TestTargetID = 0A956EC31DD5118700AABF64;
					};
					0AB81F2A1DDD32A60041D6DB = {
						CreatedOnToolsVersion = 8.1;
						DevelopmentTeam = LQWC425Q2R;
						ProvisioningStyle = Automatic;
					};
				};
			};
			buildConfigurationList = 0A956EBF1DD5118700AABF64 /* Build configuration list for PBXProject "Gotham" */;
			compatibilityVersion = "Xcode 3.2";
			developmentRegion = English;
			hasScannedForEncodings = 0;
			knownRegions = (
				en,
				Base,
			);
			mainGroup = 0A956EBB1DD5118700AABF64;
			productRefGroup = 0A956EC51DD5118700AABF64 /* Products */;
			projectDirPath = "";
			projectRoot = "";
			targets = (
				0A956EC31DD5118700AABF64 /* Gotham */,
				0A956ED71DD5118700AABF64 /* GothamTests */,
				0AB81F2A1DDD32A60041D6DB /* Arkham */,
			);
		};
/* End PBXProject section */

/* Begin PBXResourcesBuildPhase section */
		0A956EC21DD5118700AABF64 /* Resources */ = {
			isa = PBXResourcesBuildPhase;
			buildActionMask = 2147483647;
			files = (
				0A956ED21DD5118700AABF64 /* LaunchScreen.storyboard in Resources */,
				0A956ECF1DD5118700AABF64 /* Assets.xcassets in Resources */,
				0A956ECD1DD5118700AABF64 /* Main.storyboard in Resources */,
			);
			runOnlyForDeploymentPostprocessing = 0;
		};
		0A956ED61DD5118700AABF64 /* Resources */ = {
			isa = PBXResourcesBuildPhase;
			buildActionMask = 2147483647;
			files = (
			);
			runOnlyForDeploymentPostprocessing = 0;
		};
		0AB81F291DDD32A60041D6DB /* Resources */ = {
			isa = PBXResourcesBuildPhase;
			buildActionMask = 2147483647;
			files = (
			);
			runOnlyForDeploymentPostprocessing = 0;
		};
/* End PBXResourcesBuildPhase section */

/* Begin PBXSourcesBuildPhase section */
		0A956EC01DD5118700AABF64 /* Sources */ = {
			isa = PBXSourcesBuildPhase;
			buildActionMask = 2147483647;
			files = (
				0A956F3C1DDA3BD600AABF64 /* ViewController.swift in Sources */,
				0A956EC81DD5118700AABF64 /* AppDelegate.swift in Sources */,
				0AB81F781DDD338D0041D6DB /* SignInResource.swift in Sources */,
			);
			runOnlyForDeploymentPostprocessing = 0;
		};
		0A956ED41DD5118700AABF64 /* Sources */ = {
			isa = PBXSourcesBuildPhase;
			buildActionMask = 2147483647;
			files = (
				0A956EDD1DD5118700AABF64 /* GothamTests.swift in Sources */,
			);
			runOnlyForDeploymentPostprocessing = 0;
		};
		0AB81F261DDD32A60041D6DB /* Sources */ = {
			isa = PBXSourcesBuildPhase;
			buildActionMask = 2147483647;
			files = (
				0AB81F911DDD339C0041D6DB /* NetworkRequestable.swift in Sources */,
				0AB81F971DDD339C0041D6DB /* ImageResource.swift in Sources */,
				0AB81F9D1DDD339C0041D6DB /* ResourceFetchable.swift in Sources */,
				0AB81F921DDD339C0041D6DB /* NetworkService.swift in Sources */,
				0AB81F991DDD339C0041D6DB /* Resource.swift in Sources */,
				0AB81F941DDD339C0041D6DB /* NetworkObserver.swift in Sources */,
				0AB81F9F1DDD339C0041D6DB /* BackendJSONService.swift in Sources */,
				0AB81F901DDD339C0041D6DB /* BackendConfiguration.swift in Sources */,
				0AB81F9B1DDD339C0041D6DB /* BaseOperation.swift in Sources */,
				0AB81F9E1DDD339C0041D6DB /* ResourceService.swift in Sources */,
				0AB81F9C1DDD339C0041D6DB /* ServiceOperation.swift in Sources */,
				0AB81F981DDD339C0041D6DB /* JSONResource.swift in Sources */,
				0AB81F931DDD339C0041D6DB /* BackgroundObserver.swift in Sources */,
				0AB81F961DDD339C0041D6DB /* TimeoutObserver.swift in Sources */,
				0AB81F951DDD339C0041D6DB /* OperationObserver.swift in Sources */,
				0AB81F9A1DDD339C0041D6DB /* Result.swift in Sources */,
			);
			runOnlyForDeploymentPostprocessing = 0;
		};
/* End PBXSourcesBuildPhase section */

/* Begin PBXTargetDependency section */
		0A956EDA1DD5118700AABF64 /* PBXTargetDependency */ = {
			isa = PBXTargetDependency;
			target = 0A956EC31DD5118700AABF64 /* Gotham */;
			targetProxy = 0A956ED91DD5118700AABF64 /* PBXContainerItemProxy */;
		};
		0AB81F311DDD32A60041D6DB /* PBXTargetDependency */ = {
			isa = PBXTargetDependency;
			target = 0AB81F2A1DDD32A60041D6DB /* Arkham */;
			targetProxy = 0AB81F301DDD32A60041D6DB /* PBXContainerItemProxy */;
		};
/* End PBXTargetDependency section */

/* Begin PBXVariantGroup section */
		0A956ECB1DD5118700AABF64 /* Main.storyboard */ = {
			isa = PBXVariantGroup;
			children = (
				0A956ECC1DD5118700AABF64 /* Base */,
			);
			name = Main.storyboard;
			sourceTree = "<group>";
		};
		0A956ED01DD5118700AABF64 /* LaunchScreen.storyboard */ = {
			isa = PBXVariantGroup;
			children = (
				0A956ED11DD5118700AABF64 /* Base */,
			);
			name = LaunchScreen.storyboard;
			sourceTree = "<group>";
		};
/* End PBXVariantGroup section */

/* Begin XCBuildConfiguration section */
		0A956EDF1DD5118700AABF64 /* Debug */ = {
			isa = XCBuildConfiguration;
			buildSettings = {
				ALWAYS_SEARCH_USER_PATHS = NO;
				CLANG_ANALYZER_NONNULL = YES;
				CLANG_CXX_LANGUAGE_STANDARD = "gnu++0x";
				CLANG_CXX_LIBRARY = "libc++";
				CLANG_ENABLE_MODULES = YES;
				CLANG_ENABLE_OBJC_ARC = YES;
				CLANG_WARN_BOOL_CONVERSION = YES;
				CLANG_WARN_CONSTANT_CONVERSION = YES;
				CLANG_WARN_DIRECT_OBJC_ISA_USAGE = YES_ERROR;
				CLANG_WARN_DOCUMENTATION_COMMENTS = YES;
				CLANG_WARN_EMPTY_BODY = YES;
				CLANG_WARN_ENUM_CONVERSION = YES;
				CLANG_WARN_INFINITE_RECURSION = YES;
				CLANG_WARN_INT_CONVERSION = YES;
				CLANG_WARN_OBJC_ROOT_CLASS = YES_ERROR;
				CLANG_WARN_SUSPICIOUS_MOVES = YES;
				CLANG_WARN_UNREACHABLE_CODE = YES;
				CLANG_WARN__DUPLICATE_METHOD_MATCH = YES;
				"CODE_SIGN_IDENTITY[sdk=iphoneos*]" = "iPhone Developer";
				COPY_PHASE_STRIP = NO;
				DEBUG_INFORMATION_FORMAT = dwarf;
				ENABLE_STRICT_OBJC_MSGSEND = YES;
				ENABLE_TESTABILITY = YES;
				GCC_C_LANGUAGE_STANDARD = gnu99;
				GCC_DYNAMIC_NO_PIC = NO;
				GCC_NO_COMMON_BLOCKS = YES;
				GCC_OPTIMIZATION_LEVEL = 0;
				GCC_PREPROCESSOR_DEFINITIONS = (
					"DEBUG=1",
					"$(inherited)",
				);
				GCC_WARN_64_TO_32_BIT_CONVERSION = YES;
				GCC_WARN_ABOUT_RETURN_TYPE = YES_ERROR;
				GCC_WARN_UNDECLARED_SELECTOR = YES;
				GCC_WARN_UNINITIALIZED_AUTOS = YES_AGGRESSIVE;
				GCC_WARN_UNUSED_FUNCTION = YES;
				GCC_WARN_UNUSED_VARIABLE = YES;
				IPHONEOS_DEPLOYMENT_TARGET = 10.1;
				MTL_ENABLE_DEBUG_INFO = YES;
				ONLY_ACTIVE_ARCH = YES;
				SDKROOT = iphoneos;
				SWIFT_ACTIVE_COMPILATION_CONDITIONS = DEBUG;
				SWIFT_OPTIMIZATION_LEVEL = "-Onone";
				TARGETED_DEVICE_FAMILY = "1,2";
			};
			name = Debug;
		};
		0A956EE01DD5118700AABF64 /* Release */ = {
			isa = XCBuildConfiguration;
			buildSettings = {
				ALWAYS_SEARCH_USER_PATHS = NO;
				CLANG_ANALYZER_NONNULL = YES;
				CLANG_CXX_LANGUAGE_STANDARD = "gnu++0x";
				CLANG_CXX_LIBRARY = "libc++";
				CLANG_ENABLE_MODULES = YES;
				CLANG_ENABLE_OBJC_ARC = YES;
				CLANG_WARN_BOOL_CONVERSION = YES;
				CLANG_WARN_CONSTANT_CONVERSION = YES;
				CLANG_WARN_DIRECT_OBJC_ISA_USAGE = YES_ERROR;
				CLANG_WARN_DOCUMENTATION_COMMENTS = YES;
				CLANG_WARN_EMPTY_BODY = YES;
				CLANG_WARN_ENUM_CONVERSION = YES;
				CLANG_WARN_INFINITE_RECURSION = YES;
				CLANG_WARN_INT_CONVERSION = YES;
				CLANG_WARN_OBJC_ROOT_CLASS = YES_ERROR;
				CLANG_WARN_SUSPICIOUS_MOVES = YES;
				CLANG_WARN_UNREACHABLE_CODE = YES;
				CLANG_WARN__DUPLICATE_METHOD_MATCH = YES;
				"CODE_SIGN_IDENTITY[sdk=iphoneos*]" = "iPhone Developer";
				COPY_PHASE_STRIP = NO;
				DEBUG_INFORMATION_FORMAT = "dwarf-with-dsym";
				ENABLE_NS_ASSERTIONS = NO;
				ENABLE_STRICT_OBJC_MSGSEND = YES;
				GCC_C_LANGUAGE_STANDARD = gnu99;
				GCC_NO_COMMON_BLOCKS = YES;
				GCC_WARN_64_TO_32_BIT_CONVERSION = YES;
				GCC_WARN_ABOUT_RETURN_TYPE = YES_ERROR;
				GCC_WARN_UNDECLARED_SELECTOR = YES;
				GCC_WARN_UNINITIALIZED_AUTOS = YES_AGGRESSIVE;
				GCC_WARN_UNUSED_FUNCTION = YES;
				GCC_WARN_UNUSED_VARIABLE = YES;
				IPHONEOS_DEPLOYMENT_TARGET = 10.1;
				MTL_ENABLE_DEBUG_INFO = NO;
				SDKROOT = iphoneos;
				SWIFT_OPTIMIZATION_LEVEL = "-Owholemodule";
				TARGETED_DEVICE_FAMILY = "1,2";
				VALIDATE_PRODUCT = YES;
			};
			name = Release;
		};
		0A956EE21DD5118700AABF64 /* Debug */ = {
			isa = XCBuildConfiguration;
			buildSettings = {
				ALWAYS_EMBED_SWIFT_STANDARD_LIBRARIES = YES;
				ASSETCATALOG_COMPILER_APPICON_NAME = AppIcon;
				DEVELOPMENT_TEAM = LQWC425Q2R;
				INFOPLIST_FILE = Gotham/Info.plist;
				IPHONEOS_DEPLOYMENT_TARGET = 9.0;
				LD_RUNPATH_SEARCH_PATHS = "$(inherited) @executable_path/Frameworks";
				PRODUCT_BUNDLE_IDENTIFIER = com.ramshandilya.Gotham;
				PRODUCT_NAME = "$(TARGET_NAME)";
				SWIFT_VERSION = 3.0;
				TARGETED_DEVICE_FAMILY = 1;
			};
			name = Debug;
		};
		0A956EE31DD5118700AABF64 /* Release */ = {
			isa = XCBuildConfiguration;
			buildSettings = {
				ALWAYS_EMBED_SWIFT_STANDARD_LIBRARIES = YES;
				ASSETCATALOG_COMPILER_APPICON_NAME = AppIcon;
				DEVELOPMENT_TEAM = LQWC425Q2R;
				INFOPLIST_FILE = Gotham/Info.plist;
				IPHONEOS_DEPLOYMENT_TARGET = 9.0;
				LD_RUNPATH_SEARCH_PATHS = "$(inherited) @executable_path/Frameworks";
				PRODUCT_BUNDLE_IDENTIFIER = com.ramshandilya.Gotham;
				PRODUCT_NAME = "$(TARGET_NAME)";
				SWIFT_VERSION = 3.0;
				TARGETED_DEVICE_FAMILY = 1;
			};
			name = Release;
		};
		0A956EE51DD5118700AABF64 /* Debug */ = {
			isa = XCBuildConfiguration;
			buildSettings = {
				ALWAYS_EMBED_SWIFT_STANDARD_LIBRARIES = YES;
				BUNDLE_LOADER = "$(TEST_HOST)";
				DEVELOPMENT_TEAM = LQWC425Q2R;
				INFOPLIST_FILE = GothamTests/Info.plist;
				LD_RUNPATH_SEARCH_PATHS = "$(inherited) @executable_path/Frameworks @loader_path/Frameworks";
				PRODUCT_BUNDLE_IDENTIFIER = com.ramshandilya.GothamTests;
				PRODUCT_NAME = "$(TARGET_NAME)";
				SWIFT_VERSION = 3.0;
				TEST_HOST = "$(BUILT_PRODUCTS_DIR)/Gotham.app/Gotham";
			};
			name = Debug;
		};
		0A956EE61DD5118700AABF64 /* Release */ = {
			isa = XCBuildConfiguration;
			buildSettings = {
				ALWAYS_EMBED_SWIFT_STANDARD_LIBRARIES = YES;
				BUNDLE_LOADER = "$(TEST_HOST)";
				DEVELOPMENT_TEAM = LQWC425Q2R;
				INFOPLIST_FILE = GothamTests/Info.plist;
				LD_RUNPATH_SEARCH_PATHS = "$(inherited) @executable_path/Frameworks @loader_path/Frameworks";
				PRODUCT_BUNDLE_IDENTIFIER = com.ramshandilya.GothamTests;
				PRODUCT_NAME = "$(TARGET_NAME)";
				SWIFT_VERSION = 3.0;
				TEST_HOST = "$(BUILT_PRODUCTS_DIR)/Gotham.app/Gotham";
			};
			name = Release;
		};
		0AB81F341DDD32A60041D6DB /* Debug */ = {
			isa = XCBuildConfiguration;
			buildSettings = {
				CODE_SIGN_IDENTITY = "";
				CURRENT_PROJECT_VERSION = 1;
				DEFINES_MODULE = YES;
				DEVELOPMENT_TEAM = LQWC425Q2R;
				DYLIB_COMPATIBILITY_VERSION = 1;
				DYLIB_CURRENT_VERSION = 1;
				DYLIB_INSTALL_NAME_BASE = "@rpath";
				INFOPLIST_FILE = Arkham/Info.plist;
				INSTALL_PATH = "$(LOCAL_LIBRARY_DIR)/Frameworks";
				IPHONEOS_DEPLOYMENT_TARGET = 9.0;
				LD_RUNPATH_SEARCH_PATHS = "$(inherited) @executable_path/Frameworks @loader_path/Frameworks";
				PRODUCT_BUNDLE_IDENTIFIER = com.ramshandilya.Arkham;
				PRODUCT_NAME = "$(TARGET_NAME)";
				SKIP_INSTALL = YES;
				SWIFT_VERSION = 3.0;
				VERSIONING_SYSTEM = "apple-generic";
				VERSION_INFO_PREFIX = "";
			};
			name = Debug;
		};
		0AB81F351DDD32A60041D6DB /* Release */ = {
			isa = XCBuildConfiguration;
			buildSettings = {
				CODE_SIGN_IDENTITY = "";
				CURRENT_PROJECT_VERSION = 1;
				DEFINES_MODULE = YES;
				DEVELOPMENT_TEAM = LQWC425Q2R;
				DYLIB_COMPATIBILITY_VERSION = 1;
				DYLIB_CURRENT_VERSION = 1;
				DYLIB_INSTALL_NAME_BASE = "@rpath";
				INFOPLIST_FILE = Arkham/Info.plist;
				INSTALL_PATH = "$(LOCAL_LIBRARY_DIR)/Frameworks";
				IPHONEOS_DEPLOYMENT_TARGET = 9.0;
				LD_RUNPATH_SEARCH_PATHS = "$(inherited) @executable_path/Frameworks @loader_path/Frameworks";
				PRODUCT_BUNDLE_IDENTIFIER = com.ramshandilya.Arkham;
				PRODUCT_NAME = "$(TARGET_NAME)";
				SKIP_INSTALL = YES;
				SWIFT_VERSION = 3.0;
				VERSIONING_SYSTEM = "apple-generic";
				VERSION_INFO_PREFIX = "";
			};
			name = Release;
		};
/* End XCBuildConfiguration section */

/* Begin XCConfigurationList section */
		0A956EBF1DD5118700AABF64 /* Build configuration list for PBXProject "Gotham" */ = {
			isa = XCConfigurationList;
			buildConfigurations = (
				0A956EDF1DD5118700AABF64 /* Debug */,
				0A956EE01DD5118700AABF64 /* Release */,
			);
			defaultConfigurationIsVisible = 0;
			defaultConfigurationName = Release;
		};
		0A956EE11DD5118700AABF64 /* Build configuration list for PBXNativeTarget "Gotham" */ = {
			isa = XCConfigurationList;
			buildConfigurations = (
				0A956EE21DD5118700AABF64 /* Debug */,
				0A956EE31DD5118700AABF64 /* Release */,
			);
			defaultConfigurationIsVisible = 0;
			defaultConfigurationName = Release;
		};
		0A956EE41DD5118700AABF64 /* Build configuration list for PBXNativeTarget "GothamTests" */ = {
			isa = XCConfigurationList;
			buildConfigurations = (
				0A956EE51DD5118700AABF64 /* Debug */,
				0A956EE61DD5118700AABF64 /* Release */,
			);
			defaultConfigurationIsVisible = 0;
			defaultConfigurationName = Release;
		};
		0AB81F361DDD32A60041D6DB /* Build configuration list for PBXNativeTarget "Arkham" */ = {
			isa = XCConfigurationList;
			buildConfigurations = (
				0AB81F341DDD32A60041D6DB /* Debug */,
				0AB81F351DDD32A60041D6DB /* Release */,
			);
			defaultConfigurationIsVisible = 0;
		};
/* End XCConfigurationList section */
	};
	rootObject = 0A956EBC1DD5118700AABF64 /* Project object */;
}
